// !$*UTF8*$!
{
	archiveVersion = 1;
	classes = {
	};
	objectVersion = 50;
	objects = {

/* Begin PBXBuildFile section */
		3809CCBC25B18AB4004C66EE /* Launch Screen.storyboard in Resources */ = {isa = PBXBuildFile; fileRef = 3809CCBB25B18AB4004C66EE /* Launch Screen.storyboard */; };
		3809CCC025B18E68004C66EE /* GameInfo.swift in Sources */ = {isa = PBXBuildFile; fileRef = 3809CCBF25B18E68004C66EE /* GameInfo.swift */; };
		381104A925C608DC00A00B62 /* CameraBox.swift in Sources */ = {isa = PBXBuildFile; fileRef = 381104A825C608DC00A00B62 /* CameraBox.swift */; };
		381104AC25C8C7A100A00B62 /* ARShootingView+MultiSession.swift in Sources */ = {isa = PBXBuildFile; fileRef = 381104AB25C8C7A100A00B62 /* ARShootingView+MultiSession.swift */; };
		381104B025C8FD0900A00B62 /* ARSimulator.swift in Sources */ = {isa = PBXBuildFile; fileRef = 381104AF25C8FD0900A00B62 /* ARSimulator.swift */; };
		381104B425CB3E6A00A00B62 /* ARSimulator+MultiSession.swift in Sources */ = {isa = PBXBuildFile; fileRef = 381104B325CB3E6A00A00B62 /* ARSimulator+MultiSession.swift */; };
		3813770D25C4C0E7004551FE /* BulletStar.swift in Sources */ = {isa = PBXBuildFile; fileRef = 3813770C25C4C0E7004551FE /* BulletStar.swift */; };
		3813771925C5FD95004551FE /* HitSound.wav in Resources */ = {isa = PBXBuildFile; fileRef = 3813771725C5FD95004551FE /* HitSound.wav */; };
		3813771A25C5FD95004551FE /* ShootSound.wav in Resources */ = {isa = PBXBuildFile; fileRef = 3813771825C5FD95004551FE /* ShootSound.wav */; };
		383AF6C925B047A800FF78B6 /* AppDelegate.swift in Sources */ = {isa = PBXBuildFile; fileRef = 383AF6C825B047A800FF78B6 /* AppDelegate.swift */; };
		383AF6CB25B047A800FF78B6 /* ArTitlerView.swift in Sources */ = {isa = PBXBuildFile; fileRef = 383AF6CA25B047A800FF78B6 /* ArTitlerView.swift */; };
		383AF6CF25B047AA00FF78B6 /* Assets.xcassets in Resources */ = {isa = PBXBuildFile; fileRef = 383AF6CE25B047AA00FF78B6 /* Assets.xcassets */; };
		383AF6D225B047AA00FF78B6 /* Preview Assets.xcassets in Resources */ = {isa = PBXBuildFile; fileRef = 383AF6D125B047AA00FF78B6 /* Preview Assets.xcassets */; };
		386AE37425BE1430001D3781 /* ARShootingView.swift in Sources */ = {isa = PBXBuildFile; fileRef = 386AE37325BE1430001D3781 /* ARShootingView.swift */; };
		386AE37825BE169A001D3781 /* ARShootingView+Coaching.swift in Sources */ = {isa = PBXBuildFile; fileRef = 386AE37725BE169A001D3781 /* ARShootingView+Coaching.swift */; };
		386AE37C25C0BA33001D3781 /* GameStages.rcproject in Sources */ = {isa = PBXBuildFile; fileRef = 386AE37A25C0B86C001D3781 /* GameStages.rcproject */; };
		38F8AB7425CB650E009661C8 /* ArButtonView.swift in Sources */ = {isa = PBXBuildFile; fileRef = 38F8AB7325CB650E009661C8 /* ArButtonView.swift */; };
		38F8AB7725CB66B4009661C8 /* ArResultView.swift in Sources */ = {isa = PBXBuildFile; fileRef = 38F8AB7625CB66B4009661C8 /* ArResultView.swift */; };
/* End PBXBuildFile section */

/* Begin PBXFileReference section */
		3809CCBB25B18AB4004C66EE /* Launch Screen.storyboard */ = {isa = PBXFileReference; lastKnownFileType = file.storyboard; path = "Launch Screen.storyboard"; sourceTree = "<group>"; };
		3809CCBF25B18E68004C66EE /* GameInfo.swift */ = {isa = PBXFileReference; lastKnownFileType = sourcecode.swift; path = GameInfo.swift; sourceTree = "<group>"; };
		381104A825C608DC00A00B62 /* CameraBox.swift */ = {isa = PBXFileReference; lastKnownFileType = sourcecode.swift; path = CameraBox.swift; sourceTree = "<group>"; };
		381104AB25C8C7A100A00B62 /* ARShootingView+MultiSession.swift */ = {isa = PBXFileReference; lastKnownFileType = sourcecode.swift; path = "ARShootingView+MultiSession.swift"; sourceTree = "<group>"; };
		381104AF25C8FD0900A00B62 /* ARSimulator.swift */ = {isa = PBXFileReference; lastKnownFileType = sourcecode.swift; path = ARSimulator.swift; sourceTree = "<group>"; };
		381104B325CB3E6A00A00B62 /* ARSimulator+MultiSession.swift */ = {isa = PBXFileReference; lastKnownFileType = sourcecode.swift; path = "ARSimulator+MultiSession.swift"; sourceTree = "<group>"; };
		3813770C25C4C0E7004551FE /* BulletStar.swift */ = {isa = PBXFileReference; lastKnownFileType = sourcecode.swift; path = BulletStar.swift; sourceTree = "<group>"; };
		3813771725C5FD95004551FE /* HitSound.wav */ = {isa = PBXFileReference; lastKnownFileType = audio.wav; path = HitSound.wav; sourceTree = "<group>"; };
		3813771825C5FD95004551FE /* ShootSound.wav */ = {isa = PBXFileReference; lastKnownFileType = audio.wav; path = ShootSound.wav; sourceTree = "<group>"; };
		383AF6C525B047A800FF78B6 /* ArShootingApp.app */ = {isa = PBXFileReference; explicitFileType = wrapper.application; includeInIndex = 0; path = ArShootingApp.app; sourceTree = BUILT_PRODUCTS_DIR; };
		383AF6C825B047A800FF78B6 /* AppDelegate.swift */ = {isa = PBXFileReference; lastKnownFileType = sourcecode.swift; path = AppDelegate.swift; sourceTree = "<group>"; };
		383AF6CA25B047A800FF78B6 /* ArTitlerView.swift */ = {isa = PBXFileReference; lastKnownFileType = sourcecode.swift; path = ArTitlerView.swift; sourceTree = "<group>"; };
		383AF6CE25B047AA00FF78B6 /* Assets.xcassets */ = {isa = PBXFileReference; lastKnownFileType = folder.assetcatalog; path = Assets.xcassets; sourceTree = "<group>"; };
		383AF6D125B047AA00FF78B6 /* Preview Assets.xcassets */ = {isa = PBXFileReference; lastKnownFileType = folder.assetcatalog; path = "Preview Assets.xcassets"; sourceTree = "<group>"; };
		383AF6D325B047AA00FF78B6 /* Info.plist */ = {isa = PBXFileReference; lastKnownFileType = text.plist.xml; path = Info.plist; sourceTree = "<group>"; };
		386AE37325BE1430001D3781 /* ARShootingView.swift */ = {isa = PBXFileReference; lastKnownFileType = sourcecode.swift; path = ARShootingView.swift; sourceTree = "<group>"; };
		386AE37725BE169A001D3781 /* ARShootingView+Coaching.swift */ = {isa = PBXFileReference; lastKnownFileType = sourcecode.swift; path = "ARShootingView+Coaching.swift"; sourceTree = "<group>"; };
		386AE37A25C0B86C001D3781 /* GameStages.rcproject */ = {isa = PBXFileReference; lastKnownFileType = file.rcproject; path = GameStages.rcproject; sourceTree = "<group>"; };
		38F8AB7325CB650E009661C8 /* ArButtonView.swift */ = {isa = PBXFileReference; lastKnownFileType = sourcecode.swift; path = ArButtonView.swift; sourceTree = "<group>"; };
		38F8AB7625CB66B4009661C8 /* ArResultView.swift */ = {isa = PBXFileReference; lastKnownFileType = sourcecode.swift; path = ArResultView.swift; sourceTree = "<group>"; };
/* End PBXFileReference section */

/* Begin PBXFrameworksBuildPhase section */
		383AF6C225B047A800FF78B6 /* Frameworks */ = {
			isa = PBXFrameworksBuildPhase;
			buildActionMask = 2147483647;
			files = (
			);
			runOnlyForDeploymentPostprocessing = 0;
		};
/* End PBXFrameworksBuildPhase section */

/* Begin PBXGroup section */
		381104AE25C8FCE400A00B62 /* ARSimulator */ = {
			isa = PBXGroup;
			children = (
				381104AF25C8FD0900A00B62 /* ARSimulator.swift */,
				381104B325CB3E6A00A00B62 /* ARSimulator+MultiSession.swift */,
			);
			path = ARSimulator;
			sourceTree = "<group>";
		};
		3813770B25C4C0CC004551FE /* ModelEntity */ = {
			isa = PBXGroup;
			children = (
				3813770C25C4C0E7004551FE /* BulletStar.swift */,
				381104A825C608DC00A00B62 /* CameraBox.swift */,
			);
			path = ModelEntity;
			sourceTree = "<group>";
		};
		3813771625C5FD95004551FE /* Resource */ = {
			isa = PBXGroup;
			children = (
				3813771725C5FD95004551FE /* HitSound.wav */,
				3813771825C5FD95004551FE /* ShootSound.wav */,
			);
			path = Resource;
			sourceTree = "<group>";
		};
		383AF6BC25B047A800FF78B6 = {
			isa = PBXGroup;
			children = (
				383AF6C725B047A800FF78B6 /* ArShootingApp */,
				383AF6C625B047A800FF78B6 /* Products */,
			);
			sourceTree = "<group>";
		};
		383AF6C625B047A800FF78B6 /* Products */ = {
			isa = PBXGroup;
			children = (
				383AF6C525B047A800FF78B6 /* ArShootingApp.app */,
			);
			name = Products;
			sourceTree = "<group>";
		};
		383AF6C725B047A800FF78B6 /* ArShootingApp */ = {
			isa = PBXGroup;
			children = (
				381104AE25C8FCE400A00B62 /* ARSimulator */,
				3813770B25C4C0CC004551FE /* ModelEntity */,
				386AE37225BE1426001D3781 /* ARShootingView */,
				383AF6C825B047A800FF78B6 /* AppDelegate.swift */,
				383AF6CA25B047A800FF78B6 /* ArTitlerView.swift */,
				383AF6CE25B047AA00FF78B6 /* Assets.xcassets */,
				383AF6D325B047AA00FF78B6 /* Info.plist */,
				383AF6D025B047AA00FF78B6 /* Preview Content */,
				3809CCBB25B18AB4004C66EE /* Launch Screen.storyboard */,
				3813771625C5FD95004551FE /* Resource */,
				3809CCBF25B18E68004C66EE /* GameInfo.swift */,
				386AE37A25C0B86C001D3781 /* GameStages.rcproject */,
				38F8AB7325CB650E009661C8 /* ArButtonView.swift */,
				38F8AB7625CB66B4009661C8 /* ArResultView.swift */,
			);
			path = ArShootingApp;
			sourceTree = "<group>";
		};
		383AF6D025B047AA00FF78B6 /* Preview Content */ = {
			isa = PBXGroup;
			children = (
				383AF6D125B047AA00FF78B6 /* Preview Assets.xcassets */,
			);
			path = "Preview Content";
			sourceTree = "<group>";
		};
		386AE37225BE1426001D3781 /* ARShootingView */ = {
			isa = PBXGroup;
			children = (
				386AE37325BE1430001D3781 /* ARShootingView.swift */,
				386AE37725BE169A001D3781 /* ARShootingView+Coaching.swift */,
				381104AB25C8C7A100A00B62 /* ARShootingView+MultiSession.swift */,
			);
			path = ARShootingView;
			sourceTree = "<group>";
		};
/* End PBXGroup section */

/* Begin PBXNativeTarget section */
		383AF6C425B047A800FF78B6 /* ArShootingApp */ = {
			isa = PBXNativeTarget;
			buildConfigurationList = 383AF6D625B047AA00FF78B6 /* Build configuration list for PBXNativeTarget "ArShootingApp" */;
			buildPhases = (
				383AF6C125B047A800FF78B6 /* Sources */,
				383AF6C225B047A800FF78B6 /* Frameworks */,
				383AF6C325B047A800FF78B6 /* Resources */,
			);
			buildRules = (
			);
			dependencies = (
			);
			name = ArShootingApp;
			productName = ArShootingApp;
			productReference = 383AF6C525B047A800FF78B6 /* ArShootingApp.app */;
			productType = "com.apple.product-type.application";
		};
/* End PBXNativeTarget section */

/* Begin PBXProject section */
		383AF6BD25B047A800FF78B6 /* Project object */ = {
			isa = PBXProject;
			attributes = {
				LastSwiftUpdateCheck = 1230;
				LastUpgradeCheck = 1230;
				TargetAttributes = {
					383AF6C425B047A800FF78B6 = {
						CreatedOnToolsVersion = 12.3;
					};
				};
			};
			buildConfigurationList = 383AF6C025B047A800FF78B6 /* Build configuration list for PBXProject "ArShootingApp" */;
			compatibilityVersion = "Xcode 9.3";
			developmentRegion = en;
			hasScannedForEncodings = 0;
			knownRegions = (
				en,
				Base,
			);
			mainGroup = 383AF6BC25B047A800FF78B6;
			productRefGroup = 383AF6C625B047A800FF78B6 /* Products */;
			projectDirPath = "";
			projectRoot = "";
			targets = (
				383AF6C425B047A800FF78B6 /* ArShootingApp */,
			);
		};
/* End PBXProject section */

/* Begin PBXResourcesBuildPhase section */
		383AF6C325B047A800FF78B6 /* Resources */ = {
			isa = PBXResourcesBuildPhase;
			buildActionMask = 2147483647;
			files = (
				3809CCBC25B18AB4004C66EE /* Launch Screen.storyboard in Resources */,
				383AF6D225B047AA00FF78B6 /* Preview Assets.xcassets in Resources */,
				3813771A25C5FD95004551FE /* ShootSound.wav in Resources */,
				3813771925C5FD95004551FE /* HitSound.wav in Resources */,
				383AF6CF25B047AA00FF78B6 /* Assets.xcassets in Resources */,
			);
			runOnlyForDeploymentPostprocessing = 0;
		};
/* End PBXResourcesBuildPhase section */

/* Begin PBXSourcesBuildPhase section */
		383AF6C125B047A800FF78B6 /* Sources */ = {
			isa = PBXSourcesBuildPhase;
			buildActionMask = 2147483647;
			files = (
				386AE37C25C0BA33001D3781 /* GameStages.rcproject in Sources */,
				383AF6CB25B047A800FF78B6 /* ArTitlerView.swift in Sources */,
				383AF6C925B047A800FF78B6 /* AppDelegate.swift in Sources */,
				3809CCC025B18E68004C66EE /* GameInfo.swift in Sources */,
				381104A925C608DC00A00B62 /* CameraBox.swift in Sources */,
				38F8AB7725CB66B4009661C8 /* ArResultView.swift in Sources */,
				386AE37825BE169A001D3781 /* ARShootingView+Coaching.swift in Sources */,
				386AE37425BE1430001D3781 /* ARShootingView.swift in Sources */,
				38F8AB7425CB650E009661C8 /* ArButtonView.swift in Sources */,
				381104B025C8FD0900A00B62 /* ARSimulator.swift in Sources */,
				381104B425CB3E6A00A00B62 /* ARSimulator+MultiSession.swift in Sources */,
				3813770D25C4C0E7004551FE /* BulletStar.swift in Sources */,
				381104AC25C8C7A100A00B62 /* ARShootingView+MultiSession.swift in Sources */,
			);
			runOnlyForDeploymentPostprocessing = 0;
		};
/* End PBXSourcesBuildPhase section */

/* Begin XCBuildConfiguration section */
		383AF6D425B047AA00FF78B6 /* Debug */ = {
			isa = XCBuildConfiguration;
			buildSettings = {
				ALWAYS_SEARCH_USER_PATHS = NO;
				CLANG_ANALYZER_NONNULL = YES;
				CLANG_ANALYZER_NUMBER_OBJECT_CONVERSION = YES_AGGRESSIVE;
				CLANG_CXX_LANGUAGE_STANDARD = "gnu++14";
				CLANG_CXX_LIBRARY = "libc++";
				CLANG_ENABLE_MODULES = YES;
				CLANG_ENABLE_OBJC_ARC = YES;
				CLANG_ENABLE_OBJC_WEAK = YES;
				CLANG_WARN_BLOCK_CAPTURE_AUTORELEASING = YES;
				CLANG_WARN_BOOL_CONVERSION = YES;
				CLANG_WARN_COMMA = YES;
				CLANG_WARN_CONSTANT_CONVERSION = YES;
				CLANG_WARN_DEPRECATED_OBJC_IMPLEMENTATIONS = YES;
				CLANG_WARN_DIRECT_OBJC_ISA_USAGE = YES_ERROR;
				CLANG_WARN_DOCUMENTATION_COMMENTS = YES;
				CLANG_WARN_EMPTY_BODY = YES;
				CLANG_WARN_ENUM_CONVERSION = YES;
				CLANG_WARN_INFINITE_RECURSION = YES;
				CLANG_WARN_INT_CONVERSION = YES;
				CLANG_WARN_NON_LITERAL_NULL_CONVERSION = YES;
				CLANG_WARN_OBJC_IMPLICIT_RETAIN_SELF = YES;
				CLANG_WARN_OBJC_LITERAL_CONVERSION = YES;
				CLANG_WARN_OBJC_ROOT_CLASS = YES_ERROR;
				CLANG_WARN_QUOTED_INCLUDE_IN_FRAMEWORK_HEADER = YES;
				CLANG_WARN_RANGE_LOOP_ANALYSIS = YES;
				CLANG_WARN_STRICT_PROTOTYPES = YES;
				CLANG_WARN_SUSPICIOUS_MOVE = YES;
				CLANG_WARN_UNGUARDED_AVAILABILITY = YES_AGGRESSIVE;
				CLANG_WARN_UNREACHABLE_CODE = YES;
				CLANG_WARN__DUPLICATE_METHOD_MATCH = YES;
				COPY_PHASE_STRIP = NO;
				DEBUG_INFORMATION_FORMAT = dwarf;
				ENABLE_STRICT_OBJC_MSGSEND = YES;
				ENABLE_TESTABILITY = YES;
				GCC_C_LANGUAGE_STANDARD = gnu11;
				GCC_DYNAMIC_NO_PIC = NO;
				GCC_NO_COMMON_BLOCKS = YES;
				GCC_OPTIMIZATION_LEVEL = 0;
				GCC_PREPROCESSOR_DEFINITIONS = (
					"DEBUG=1",
					"$(inherited)",
				);
				GCC_WARN_64_TO_32_BIT_CONVERSION = YES;
				GCC_WARN_ABOUT_RETURN_TYPE = YES_ERROR;
				GCC_WARN_UNDECLARED_SELECTOR = YES;
				GCC_WARN_UNINITIALIZED_AUTOS = YES_AGGRESSIVE;
				GCC_WARN_UNUSED_FUNCTION = YES;
				GCC_WARN_UNUSED_VARIABLE = YES;
				IPHONEOS_DEPLOYMENT_TARGET = 14.3;
				MTL_ENABLE_DEBUG_INFO = INCLUDE_SOURCE;
				MTL_FAST_MATH = YES;
				ONLY_ACTIVE_ARCH = YES;
				SDKROOT = iphoneos;
				SWIFT_ACTIVE_COMPILATION_CONDITIONS = DEBUG;
				SWIFT_OPTIMIZATION_LEVEL = "-Onone";
			};
			name = Debug;
		};
		383AF6D525B047AA00FF78B6 /* Release */ = {
			isa = XCBuildConfiguration;
			buildSettings = {
				ALWAYS_SEARCH_USER_PATHS = NO;
				CLANG_ANALYZER_NONNULL = YES;
				CLANG_ANALYZER_NUMBER_OBJECT_CONVERSION = YES_AGGRESSIVE;
				CLANG_CXX_LANGUAGE_STANDARD = "gnu++14";
				CLANG_CXX_LIBRARY = "libc++";
				CLANG_ENABLE_MODULES = YES;
				CLANG_ENABLE_OBJC_ARC = YES;
				CLANG_ENABLE_OBJC_WEAK = YES;
				CLANG_WARN_BLOCK_CAPTURE_AUTORELEASING = YES;
				CLANG_WARN_BOOL_CONVERSION = YES;
				CLANG_WARN_COMMA = YES;
				CLANG_WARN_CONSTANT_CONVERSION = YES;
				CLANG_WARN_DEPRECATED_OBJC_IMPLEMENTATIONS = YES;
				CLANG_WARN_DIRECT_OBJC_ISA_USAGE = YES_ERROR;
				CLANG_WARN_DOCUMENTATION_COMMENTS = YES;
				CLANG_WARN_EMPTY_BODY = YES;
				CLANG_WARN_ENUM_CONVERSION = YES;
				CLANG_WARN_INFINITE_RECURSION = YES;
				CLANG_WARN_INT_CONVERSION = YES;
				CLANG_WARN_NON_LITERAL_NULL_CONVERSION = YES;
				CLANG_WARN_OBJC_IMPLICIT_RETAIN_SELF = YES;
				CLANG_WARN_OBJC_LITERAL_CONVERSION = YES;
				CLANG_WARN_OBJC_ROOT_CLASS = YES_ERROR;
				CLANG_WARN_QUOTED_INCLUDE_IN_FRAMEWORK_HEADER = YES;
				CLANG_WARN_RANGE_LOOP_ANALYSIS = YES;
				CLANG_WARN_STRICT_PROTOTYPES = YES;
				CLANG_WARN_SUSPICIOUS_MOVE = YES;
				CLANG_WARN_UNGUARDED_AVAILABILITY = YES_AGGRESSIVE;
				CLANG_WARN_UNREACHABLE_CODE = YES;
				CLANG_WARN__DUPLICATE_METHOD_MATCH = YES;
				COPY_PHASE_STRIP = NO;
				DEBUG_INFORMATION_FORMAT = "dwarf-with-dsym";
				ENABLE_NS_ASSERTIONS = NO;
				ENABLE_STRICT_OBJC_MSGSEND = YES;
				GCC_C_LANGUAGE_STANDARD = gnu11;
				GCC_NO_COMMON_BLOCKS = YES;
				GCC_WARN_64_TO_32_BIT_CONVERSION = YES;
				GCC_WARN_ABOUT_RETURN_TYPE = YES_ERROR;
				GCC_WARN_UNDECLARED_SELECTOR = YES;
				GCC_WARN_UNINITIALIZED_AUTOS = YES_AGGRESSIVE;
				GCC_WARN_UNUSED_FUNCTION = YES;
				GCC_WARN_UNUSED_VARIABLE = YES;
				IPHONEOS_DEPLOYMENT_TARGET = 14.3;
				MTL_ENABLE_DEBUG_INFO = NO;
				MTL_FAST_MATH = YES;
				SDKROOT = iphoneos;
				SWIFT_COMPILATION_MODE = wholemodule;
				SWIFT_OPTIMIZATION_LEVEL = "-O";
				VALIDATE_PRODUCT = YES;
			};
			name = Release;
		};
		383AF6D725B047AA00FF78B6 /* Debug */ = {
			isa = XCBuildConfiguration;
			buildSettings = {
				ASSETCATALOG_COMPILER_APPICON_NAME = AppIcon;
				ASSETCATALOG_COMPILER_GLOBAL_ACCENT_COLOR_NAME = AccentColor;
				CODE_SIGN_STYLE = Automatic;
				DEVELOPMENT_ASSET_PATHS = "\"ArShootingApp/Preview Content\"";
				DEVELOPMENT_TEAM = UUD4WPFJTD;
				ENABLE_PREVIEWS = YES;
				INFOPLIST_FILE = ArShootingApp/Info.plist;
				LD_RUNPATH_SEARCH_PATHS = (
					"$(inherited)",
					"@executable_path/Frameworks",
				);
				PRODUCT_BUNDLE_IDENTIFIER = jp.ema.ArShootingApp;
				PRODUCT_NAME = "$(TARGET_NAME)";
				SWIFT_VERSION = 5.0;
				TARGETED_DEVICE_FAMILY = "1,2";
			};
			name = Debug;
		};
		383AF6D825B047AA00FF78B6 /* Release */ = {
			isa = XCBuildConfiguration;
			buildSettings = {
				ASSETCATALOG_COMPILER_APPICON_NAME = AppIcon;
				ASSETCATALOG_COMPILER_GLOBAL_ACCENT_COLOR_NAME = AccentColor;
				CODE_SIGN_STYLE = Automatic;
				DEVELOPMENT_ASSET_PATHS = "\"ArShootingApp/Preview Content\"";
				DEVELOPMENT_TEAM = UUD4WPFJTD;
				ENABLE_PREVIEWS = YES;
				INFOPLIST_FILE = ArShootingApp/Info.plist;
				LD_RUNPATH_SEARCH_PATHS = (
					"$(inherited)",
					"@executable_path/Frameworks",
				);
				PRODUCT_BUNDLE_IDENTIFIER = jp.ema.ArShootingApp;
				PRODUCT_NAME = "$(TARGET_NAME)";
				SWIFT_VERSION = 5.0;
				TARGETED_DEVICE_FAMILY = "1,2";
			};
			name = Release;
		};
/* End XCBuildConfiguration section */

/* Begin XCConfigurationList section */
		383AF6C025B047A800FF78B6 /* Build configuration list for PBXProject "ArShootingApp" */ = {
			isa = XCConfigurationList;
			buildConfigurations = (
				383AF6D425B047AA00FF78B6 /* Debug */,
				383AF6D525B047AA00FF78B6 /* Release */,
			);
			defaultConfigurationIsVisible = 0;
			defaultConfigurationName = Release;
		};
		383AF6D625B047AA00FF78B6 /* Build configuration list for PBXNativeTarget "ArShootingApp" */ = {
			isa = XCConfigurationList;
			buildConfigurations = (
				383AF6D725B047AA00FF78B6 /* Debug */,
				383AF6D825B047AA00FF78B6 /* Release */,
			);
			defaultConfigurationIsVisible = 0;
			defaultConfigurationName = Release;
		};
/* End XCConfigurationList section */
	};
	rootObject = 383AF6BD25B047A800FF78B6 /* Project object */;
}
